
Microsoft Visual Studio Solution File, Format Version 12.00
# Visual Studio Version 17
VisualStudioVersion = 17.4.33122.133
MinimumVisualStudioVersion = 10.0.40219.1
Project("{9A19103F-16F7-4668-BE54-9A1E7A4F7556}") = "Color reduction", "Color reduction.csproj", "{8E8E7CAB-15D8-4EBE-BF54-D529627CE5CC}"
EndProject
Global
	GlobalSection(SolutionConfigurationPlatforms) = preSolution
		Debug|Any CPU = Debug|Any CPU
		Release|Any CPU = Release|Any CPU
	EndGlobalSection
	GlobalSection(ProjectConfigurationPlatforms) = postSolution
		{8E8E7CAB-15D8-4EBE-BF54-D529627CE5CC}.Debug|Any CPU.ActiveCfg = Debug|Any CPU
		{8E8E7CAB-15D8-4EBE-BF54-D529627CE5CC}.Debug|Any CPU.Build.0 = Debug|Any CPU
		{8E8E7CAB-15D8-4EBE-BF54-D529627CE5CC}.Release|Any CPU.ActiveCfg = Release|Any CPU
		{8E8E7CAB-15D8-4EBE-BF54-D529627CE5CC}.Release|Any CPU.Build.0 = Release|Any CPU
	EndGlobalSection
	GlobalSection(SolutionProperties) = preSolution
		HideSolutionNode = FALSE
	EndGlobalSection
	GlobalSection(ExtensibilityGlobals) = postSolution
		SolutionGuid = {4F31DC67-8622-4C4F-8A2C-BC76832CCD66}
	EndGlobalSection
EndGlobal
